
Microsoft Visual Studio Solution File, Format Version 12.00
# Visual Studio 14
VisualStudioVersion = 14.0.25420.1
MinimumVisualStudioVersion = 10.0.40219.1
Project("{FAE04EC0-301F-11D3-BF4B-00C04F79EFBC}") = "20_MVC_Assignment_1_DOTNET", "20_MVC_Assignment_1_DOTNET\20_MVC_Assignment_1_DOTNET.csproj", "{6E3AE845-AB55-4832-ADFA-C94463C943FD}"
EndProject
Global
	GlobalSection(SolutionConfigurationPlatforms) = preSolution
		Debug|Any CPU = Debug|Any CPU
		Release|Any CPU = Release|Any CPU
	EndGlobalSection
	GlobalSection(ProjectConfigurationPlatforms) = postSolution
		{6E3AE845-AB55-4832-ADFA-C94463C943FD}.Debug|Any CPU.ActiveCfg = Debug|Any CPU
		{6E3AE845-AB55-4832-ADFA-C94463C943FD}.Debug|Any CPU.Build.0 = Debug|Any CPU
		{6E3AE845-AB55-4832-ADFA-C94463C943FD}.Release|Any CPU.ActiveCfg = Release|Any CPU
		{6E3AE845-AB55-4832-ADFA-C94463C943FD}.Release|Any CPU.Build.0 = Release|Any CPU
	EndGlobalSection
	GlobalSection(SolutionProperties) = preSolution
		HideSolutionNode = FALSE
	EndGlobalSection
EndGlobal
